
Microsoft Visual Studio Solution File, Format Version 12.00
# Visual Studio Version 16
VisualStudioVersion = 16.0.30711.63
MinimumVisualStudioVersion = 10.0.40219.1
Project("{FAE04EC0-301F-11D3-BF4B-00C04F79EFBC}") = "CMSAngularJSApp", "CMSAngularJSApp\CMSAngularJSApp.csproj", "{9665D9D7-BE70-48DF-8287-D139E2728368}"
EndProject
Global
	GlobalSection(SolutionConfigurationPlatforms) = preSolution
		Debug|Any CPU = Debug|Any CPU
		Release|Any CPU = Release|Any CPU
	EndGlobalSection
	GlobalSection(ProjectConfigurationPlatforms) = postSolution
		{9665D9D7-BE70-48DF-8287-D139E2728368}.Debug|Any CPU.ActiveCfg = Debug|Any CPU
		{9665D9D7-BE70-48DF-8287-D139E2728368}.Debug|Any CPU.Build.0 = Debug|Any CPU
		{9665D9D7-BE70-48DF-8287-D139E2728368}.Release|Any CPU.ActiveCfg = Release|Any CPU
		{9665D9D7-BE70-48DF-8287-D139E2728368}.Release|Any CPU.Build.0 = Release|Any CPU
	EndGlobalSection
	GlobalSection(SolutionProperties) = preSolution
		HideSolutionNode = FALSE
	EndGlobalSection
	GlobalSection(ExtensibilityGlobals) = postSolution
		SolutionGuid = {A0A37113-FE53-4A37-A5F9-756DC44F6113}
	EndGlobalSection
EndGlobal
